
Microsoft Visual Studio Solution File, Format Version 12.00
# Visual Studio Version 16
VisualStudioVersion = 16.0.30717.126
MinimumVisualStudioVersion = 10.0.40219.1
Project("{9A19103F-16F7-4668-BE54-9A1E7A4F7556}") = "App.Api", "App.Api\App.Api.csproj", "{7B1F24C0-4329-45F1-83AC-2ABE1194AB4B}"
EndProject
Project("{9A19103F-16F7-4668-BE54-9A1E7A4F7556}") = "App.Tests", "App.Tests\App.Tests.csproj", "{E6AF09C7-E63D-4C01-8D03-CE5BE9E11E12}"
EndProject
Global
	GlobalSection(SolutionConfigurationPlatforms) = preSolution
		Debug|Any CPU = Debug|Any CPU
		Release|Any CPU = Release|Any CPU
	EndGlobalSection
	GlobalSection(ProjectConfigurationPlatforms) = postSolution
		{7B1F24C0-4329-45F1-83AC-2ABE1194AB4B}.Debug|Any CPU.ActiveCfg = Debug|Any CPU
		{7B1F24C0-4329-45F1-83AC-2ABE1194AB4B}.Debug|Any CPU.Build.0 = Debug|Any CPU
		{7B1F24C0-4329-45F1-83AC-2ABE1194AB4B}.Release|Any CPU.ActiveCfg = Release|Any CPU
		{7B1F24C0-4329-45F1-83AC-2ABE1194AB4B}.Release|Any CPU.Build.0 = Release|Any CPU
	EndGlobalSection
	GlobalSection(SolutionProperties) = preSolution
		HideSolutionNode = FALSE
	EndGlobalSection
	GlobalSection(ExtensibilityGlobals) = postSolution
		SolutionGuid = {3A2F9B27-1A4E-4660-AED3-F308E0830428}
	EndGlobalSection
EndGlobal
